
Microsoft Visual Studio Solution File, Format Version 12.00
# Visual Studio Version 17
VisualStudioVersion = 17.2.32602.215
MinimumVisualStudioVersion = 10.0.40219.1
Project("{FAE04EC0-301F-11D3-BF4B-00C04F79EFBC}") = "Cards_API", "Cards_API\Cards_API.csproj", "{EFEE24AB-05CD-4CE7-9C08-18778BE6F8DD}"
EndProject
Global
	GlobalSection(SolutionConfigurationPlatforms) = preSolution
		Debug|Any CPU = Debug|Any CPU
		Release|Any CPU = Release|Any CPU
	EndGlobalSection
	GlobalSection(ProjectConfigurationPlatforms) = postSolution
		{EFEE24AB-05CD-4CE7-9C08-18778BE6F8DD}.Debug|Any CPU.ActiveCfg = Debug|Any CPU
		{EFEE24AB-05CD-4CE7-9C08-18778BE6F8DD}.Debug|Any CPU.Build.0 = Debug|Any CPU
		{EFEE24AB-05CD-4CE7-9C08-18778BE6F8DD}.Release|Any CPU.ActiveCfg = Release|Any CPU
		{EFEE24AB-05CD-4CE7-9C08-18778BE6F8DD}.Release|Any CPU.Build.0 = Release|Any CPU
	EndGlobalSection
	GlobalSection(SolutionProperties) = preSolution
		HideSolutionNode = FALSE
	EndGlobalSection
	GlobalSection(ExtensibilityGlobals) = postSolution
		SolutionGuid = {E56200F6-825B-4046-981F-82ED0426F186}
	EndGlobalSection
EndGlobal
